
Microsoft Visual Studio Solution File, Format Version 12.00
# Visual Studio Version 17
VisualStudioVersion = 17.7.34031.279
MinimumVisualStudioVersion = 10.0.40219.1
Project("{FAE04EC0-301F-11D3-BF4B-00C04F79EFBC}") = "CompanyEmployees", "CompanyEmployees\CompanyEmployees.csproj", "{FD67C41D-A7B2-4FFE-BCD3-FB224492E889}"
EndProject
Project("{FAE04EC0-301F-11D3-BF4B-00C04F79EFBC}") = "Contracts", "Contracts\Contracts.csproj", "{DA0CB7FB-BAFE-41CB-ABF6-7382DCDD183C}"
EndProject
Project("{FAE04EC0-301F-11D3-BF4B-00C04F79EFBC}") = "LoggerService", "LoggerService\LoggerService.csproj", "{0FA3FE0A-224F-4975-9C51-6C2A1F83F28C}"
EndProject
Project("{FAE04EC0-301F-11D3-BF4B-00C04F79EFBC}") = "Entities", "Entities\Entities.csproj", "{89FE40FF-083F-4D3B-8C94-25DA97CA8DC2}"
EndProject
Project("{FAE04EC0-301F-11D3-BF4B-00C04F79EFBC}") = "Repository", "Repository\Repository.csproj", "{DB8CA3F5-262E-4D61-8BF6-890C8B0C66CA}"
EndProject
Project("{FAE04EC0-301F-11D3-BF4B-00C04F79EFBC}") = "Service.Contracts", "Service.Contracts\Service.Contracts.csproj", "{9DF43967-DF6D-48CB-9B4E-582A1E45EA3A}"
EndProject
Project("{FAE04EC0-301F-11D3-BF4B-00C04F79EFBC}") = "Service", "Service\Service.csproj", "{7B1C603C-C166-4AAF-BF2D-E88BFEF29B54}"
EndProject
Project("{FAE04EC0-301F-11D3-BF4B-00C04F79EFBC}") = "CompanyEmployees.Presentation", "Presentation\CompanyEmployees.Presentation.csproj", "{6B6694F2-8556-455E-9E71-933A1CE0D6CB}"
EndProject
Global
	GlobalSection(SolutionConfigurationPlatforms) = preSolution
		Debug|Any CPU = Debug|Any CPU
		Release|Any CPU = Release|Any CPU
	EndGlobalSection
	GlobalSection(ProjectConfigurationPlatforms) = postSolution
		{FD67C41D-A7B2-4FFE-BCD3-FB224492E889}.Debug|Any CPU.ActiveCfg = Debug|Any CPU
		{FD67C41D-A7B2-4FFE-BCD3-FB224492E889}.Debug|Any CPU.Build.0 = Debug|Any CPU
		{FD67C41D-A7B2-4FFE-BCD3-FB224492E889}.Release|Any CPU.ActiveCfg = Release|Any CPU
		{FD67C41D-A7B2-4FFE-BCD3-FB224492E889}.Release|Any CPU.Build.0 = Release|Any CPU
		{DA0CB7FB-BAFE-41CB-ABF6-7382DCDD183C}.Debug|Any CPU.ActiveCfg = Debug|Any CPU
		{DA0CB7FB-BAFE-41CB-ABF6-7382DCDD183C}.Debug|Any CPU.Build.0 = Debug|Any CPU
		{DA0CB7FB-BAFE-41CB-ABF6-7382DCDD183C}.Release|Any CPU.ActiveCfg = Release|Any CPU
		{DA0CB7FB-BAFE-41CB-ABF6-7382DCDD183C}.Release|Any CPU.Build.0 = Release|Any CPU
		{0FA3FE0A-224F-4975-9C51-6C2A1F83F28C}.Debug|Any CPU.ActiveCfg = Debug|Any CPU
		{0FA3FE0A-224F-4975-9C51-6C2A1F83F28C}.Debug|Any CPU.Build.0 = Debug|Any CPU
		{0FA3FE0A-224F-4975-9C51-6C2A1F83F28C}.Release|Any CPU.ActiveCfg = Release|Any CPU
		{0FA3FE0A-224F-4975-9C51-6C2A1F83F28C}.Release|Any CPU.Build.0 = Release|Any CPU
		{89FE40FF-083F-4D3B-8C94-25DA97CA8DC2}.Debug|Any CPU.ActiveCfg = Debug|Any CPU
		{89FE40FF-083F-4D3B-8C94-25DA97CA8DC2}.Debug|Any CPU.Build.0 = Debug|Any CPU
		{89FE40FF-083F-4D3B-8C94-25DA97CA8DC2}.Release|Any CPU.ActiveCfg = Release|Any CPU
		{89FE40FF-083F-4D3B-8C94-25DA97CA8DC2}.Release|Any CPU.Build.0 = Release|Any CPU
		{DB8CA3F5-262E-4D61-8BF6-890C8B0C66CA}.Debug|Any CPU.ActiveCfg = Debug|Any CPU
		{DB8CA3F5-262E-4D61-8BF6-890C8B0C66CA}.Debug|Any CPU.Build.0 = Debug|Any CPU
		{DB8CA3F5-262E-4D61-8BF6-890C8B0C66CA}.Release|Any CPU.ActiveCfg = Release|Any CPU
		{DB8CA3F5-262E-4D61-8BF6-890C8B0C66CA}.Release|Any CPU.Build.0 = Release|Any CPU
		{9DF43967-DF6D-48CB-9B4E-582A1E45EA3A}.Debug|Any CPU.ActiveCfg = Debug|Any CPU
		{9DF43967-DF6D-48CB-9B4E-582A1E45EA3A}.Debug|Any CPU.Build.0 = Debug|Any CPU
		{9DF43967-DF6D-48CB-9B4E-582A1E45EA3A}.Release|Any CPU.ActiveCfg = Release|Any CPU
		{9DF43967-DF6D-48CB-9B4E-582A1E45EA3A}.Release|Any CPU.Build.0 = Release|Any CPU
		{7B1C603C-C166-4AAF-BF2D-E88BFEF29B54}.Debug|Any CPU.ActiveCfg = Debug|Any CPU
		{7B1C603C-C166-4AAF-BF2D-E88BFEF29B54}.Debug|Any CPU.Build.0 = Debug|Any CPU
		{7B1C603C-C166-4AAF-BF2D-E88BFEF29B54}.Release|Any CPU.ActiveCfg = Release|Any CPU
		{7B1C603C-C166-4AAF-BF2D-E88BFEF29B54}.Release|Any CPU.Build.0 = Release|Any CPU
		{6B6694F2-8556-455E-9E71-933A1CE0D6CB}.Debug|Any CPU.ActiveCfg = Debug|Any CPU
		{6B6694F2-8556-455E-9E71-933A1CE0D6CB}.Debug|Any CPU.Build.0 = Debug|Any CPU
		{6B6694F2-8556-455E-9E71-933A1CE0D6CB}.Release|Any CPU.ActiveCfg = Release|Any CPU
		{6B6694F2-8556-455E-9E71-933A1CE0D6CB}.Release|Any CPU.Build.0 = Release|Any CPU
	EndGlobalSection
	GlobalSection(SolutionProperties) = preSolution
		HideSolutionNode = FALSE
	EndGlobalSection
	GlobalSection(ExtensibilityGlobals) = postSolution
		SolutionGuid = {E7BC2932-4259-4D9C-84D4-F1ECB9717247}
	EndGlobalSection
EndGlobal
